
Microsoft Visual Studio Solution File, Format Version 12.00
# Visual Studio Version 17
VisualStudioVersion = 17.14.36623.8
MinimumVisualStudioVersion = 10.0.40219.1
Project("{FAE04EC0-301F-11D3-BF4B-00C04F79EFBC}") = "BlazorWasm.Server", "BlazorWasm\Server\BlazorWasm.Server.csproj", "{F4DD4D79-DEF7-49DA-ABD3-BAB6820DC87B}"
EndProject
Project("{FAE04EC0-301F-11D3-BF4B-00C04F79EFBC}") = "BlazorWasm.Client", "BlazorWasm\Client\BlazorWasm.Client.csproj", "{B23A2DA4-2435-4F05-B7E1-9BC99410BFD0}"
EndProject
Project("{FAE04EC0-301F-11D3-BF4B-00C04F79EFBC}") = "BlazorWasm.Shared", "BlazorWasm\Shared\BlazorWasm.Shared.csproj", "{6375CD37-9E89-4338-814D-4CF4095B5EA1}"
EndProject
Global
	GlobalSection(SolutionConfigurationPlatforms) = preSolution
		Debug|Any CPU = Debug|Any CPU
		Release|Any CPU = Release|Any CPU
	EndGlobalSection
	GlobalSection(ProjectConfigurationPlatforms) = postSolution
		{F4DD4D79-DEF7-49DA-ABD3-BAB6820DC87B}.Debug|Any CPU.ActiveCfg = Debug|Any CPU
		{F4DD4D79-DEF7-49DA-ABD3-BAB6820DC87B}.Debug|Any CPU.Build.0 = Debug|Any CPU
		{F4DD4D79-DEF7-49DA-ABD3-BAB6820DC87B}.Release|Any CPU.ActiveCfg = Release|Any CPU
		{F4DD4D79-DEF7-49DA-ABD3-BAB6820DC87B}.Release|Any CPU.Build.0 = Release|Any CPU
		{B23A2DA4-2435-4F05-B7E1-9BC99410BFD0}.Debug|Any CPU.ActiveCfg = Debug|Any CPU
		{B23A2DA4-2435-4F05-B7E1-9BC99410BFD0}.Debug|Any CPU.Build.0 = Debug|Any CPU
		{B23A2DA4-2435-4F05-B7E1-9BC99410BFD0}.Release|Any CPU.ActiveCfg = Release|Any CPU
		{B23A2DA4-2435-4F05-B7E1-9BC99410BFD0}.Release|Any CPU.Build.0 = Release|Any CPU
		{6375CD37-9E89-4338-814D-4CF4095B5EA1}.Debug|Any CPU.ActiveCfg = Debug|Any CPU
		{6375CD37-9E89-4338-814D-4CF4095B5EA1}.Debug|Any CPU.Build.0 = Debug|Any CPU
		{6375CD37-9E89-4338-814D-4CF4095B5EA1}.Release|Any CPU.ActiveCfg = Release|Any CPU
		{6375CD37-9E89-4338-814D-4CF4095B5EA1}.Release|Any CPU.Build.0 = Release|Any CPU
	EndGlobalSection
	GlobalSection(SolutionProperties) = preSolution
		HideSolutionNode = FALSE
	EndGlobalSection
	GlobalSection(ExtensibilityGlobals) = postSolution
		SolutionGuid = {36662306-57FA-4C82-BF2E-51D7D1BB825D}
	EndGlobalSection
EndGlobal
